// !$*UTF8*$!
{
	archiveVersion = 1;
	classes = {
	};
	objectVersion = 46;
	objects = {

/* Begin PBXBuildFile section */
		3780A86E1B951FB1003A97C8 /* main.swift in Sources */ = {isa = PBXBuildFile; fileRef = 3780A86D1B951FB1003A97C8 /* main.swift */; };
		3780A8751B95214A003A97C8 /* MagicSquare.swift in Sources */ = {isa = PBXBuildFile; fileRef = 3780A8741B95214A003A97C8 /* MagicSquare.swift */; };
/* End PBXBuildFile section */

/* Begin PBXCopyFilesBuildPhase section */
		3780A8681B951FB1003A97C8 /* CopyFiles */ = {
			isa = PBXCopyFilesBuildPhase;
			buildActionMask = 2147483647;
			dstPath = /usr/share/man/man1/;
			dstSubfolderSpec = 0;
			files = (
			);
			runOnlyForDeploymentPostprocessing = 1;
		};
/* End PBXCopyFilesBuildPhase section */

/* Begin PBXFileReference section */
		3780A86A1B951FB1003A97C8 /* MagicSquare */ = {isa = PBXFileReference; explicitFileType = "compiled.mach-o.executable"; includeInIndex = 0; path = MagicSquare; sourceTree = BUILT_PRODUCTS_DIR; };
		3780A86D1B951FB1003A97C8 /* main.swift */ = {isa = PBXFileReference; lastKnownFileType = sourcecode.swift; path = main.swift; sourceTree = "<group>"; };
		3780A8741B95214A003A97C8 /* MagicSquare.swift */ = {isa = PBXFileReference; fileEncoding = 4; lastKnownFileType = sourcecode.swift; path = MagicSquare.swift; sourceTree = "<group>"; };
/* End PBXFileReference section */

/* Begin PBXFrameworksBuildPhase section */
		3780A8671B951FB1003A97C8 /* Frameworks */ = {
			isa = PBXFrameworksBuildPhase;
			buildActionMask = 2147483647;
			files = (
			);
			runOnlyForDeploymentPostprocessing = 0;
		};
/* End PBXFrameworksBuildPhase section */

/* Begin PBXGroup section */
		3780A8611B951FB1003A97C8 = {
			isa = PBXGroup;
			children = (
				3780A86C1B951FB1003A97C8 /* MagicSquare */,
				3780A86B1B951FB1003A97C8 /* Products */,
			);
			sourceTree = "<group>";
		};
		3780A86B1B951FB1003A97C8 /* Products */ = {
			isa = PBXGroup;
			children = (
				3780A86A1B951FB1003A97C8 /* MagicSquare */,
			);
			name = Products;
			sourceTree = "<group>";
		};
		3780A86C1B951FB1003A97C8 /* MagicSquare */ = {
			isa = PBXGroup;
			children = (
				3780A86D1B951FB1003A97C8 /* main.swift */,
				3780A8741B95214A003A97C8 /* MagicSquare.swift */,
			);
			path = MagicSquare;
			sourceTree = "<group>";
		};
/* End PBXGroup section */

/* Begin PBXNativeTarget section */
		3780A8691B951FB1003A97C8 /* MagicSquare */ = {
			isa = PBXNativeTarget;
			buildConfigurationList = 3780A8711B951FB1003A97C8 /* Build configuration list for PBXNativeTarget "MagicSquare" */;
			buildPhases = (
				3780A8661B951FB1003A97C8 /* Sources */,
				3780A8671B951FB1003A97C8 /* Frameworks */,
				3780A8681B951FB1003A97C8 /* CopyFiles */,
			);
			buildRules = (
			);
			dependencies = (
			);
			name = MagicSquare;
			productName = MagicSquare;
			productReference = 3780A86A1B951FB1003A97C8 /* MagicSquare */;
			productType = "com.apple.product-type.tool";
		};
/* End PBXNativeTarget section */

/* Begin PBXProject section */
		3780A8621B951FB1003A97C8 /* Project object */ = {
			isa = PBXProject;
			attributes = {
				LastUpgradeCheck = 0640;
				ORGANIZATIONNAME = Thinkful;
				TargetAttributes = {
					3780A8691B951FB1003A97C8 = {
						CreatedOnToolsVersion = 6.4;
					};
				};
			};
			buildConfigurationList = 3780A8651B951FB1003A97C8 /* Build configuration list for PBXProject "MagicSquare" */;
			compatibilityVersion = "Xcode 3.2";
			developmentRegion = English;
			hasScannedForEncodings = 0;
			knownRegions = (
				en,
			);
			mainGroup = 3780A8611B951FB1003A97C8;
			productRefGroup = 3780A86B1B951FB1003A97C8 /* Products */;
			projectDirPath = "";
			projectRoot = "";
			targets = (
				3780A8691B951FB1003A97C8 /* MagicSquare */,
			);
		};
/* End PBXProject section */

/* Begin PBXSourcesBuildPhase section */
		3780A8661B951FB1003A97C8 /* Sources */ = {
			isa = PBXSourcesBuildPhase;
			buildActionMask = 2147483647;
			files = (
				3780A8751B95214A003A97C8 /* MagicSquare.swift in Sources */,
				3780A86E1B951FB1003A97C8 /* main.swift in Sources */,
			);
			runOnlyForDeploymentPostprocessing = 0;
		};
/* End PBXSourcesBuildPhase section */

/* Begin XCBuildConfiguration section */
		3780A86F1B951FB1003A97C8 /* Debug */ = {
			isa = XCBuildConfiguration;
			buildSettings = {
				ALWAYS_SEARCH_USER_PATHS = NO;
				CLANG_CXX_LANGUAGE_STANDARD = "gnu++0x";
				CLANG_CXX_LIBRARY = "libc++";
				CLANG_ENABLE_MODULES = YES;
				CLANG_ENABLE_OBJC_ARC = YES;
				CLANG_WARN_BOOL_CONVERSION = YES;
				CLANG_WARN_CONSTANT_CONVERSION = YES;
				CLANG_WARN_DIRECT_OBJC_ISA_USAGE = YES_ERROR;
				CLANG_WARN_EMPTY_BODY = YES;
				CLANG_WARN_ENUM_CONVERSION = YES;
				CLANG_WARN_INT_CONVERSION = YES;
				CLANG_WARN_OBJC_ROOT_CLASS = YES_ERROR;
				CLANG_WARN_UNREACHABLE_CODE = YES;
				CLANG_WARN__DUPLICATE_METHOD_MATCH = YES;
				COPY_PHASE_STRIP = NO;
				DEBUG_INFORMATION_FORMAT = dwarf;
				ENABLE_STRICT_OBJC_MSGSEND = YES;
				GCC_C_LANGUAGE_STANDARD = gnu99;
				GCC_DYNAMIC_NO_PIC = NO;
				GCC_NO_COMMON_BLOCKS = YES;
				GCC_OPTIMIZATION_LEVEL = 0;
				GCC_PREPROCESSOR_DEFINITIONS = (
					"DEBUG=1",
					"$(inherited)",
				);
				GCC_SYMBOLS_PRIVATE_EXTERN = NO;
				GCC_WARN_64_TO_32_BIT_CONVERSION = YES;
				GCC_WARN_ABOUT_RETURN_TYPE = YES_ERROR;
				GCC_WARN_UNDECLARED_SELECTOR = YES;
				GCC_WARN_UNINITIALIZED_AUTOS = YES_AGGRESSIVE;
				GCC_WARN_UNUSED_FUNCTION = YES;
				GCC_WARN_UNUSED_VARIABLE = YES;
				MACOSX_DEPLOYMENT_TARGET = 10.10;
				MTL_ENABLE_DEBUG_INFO = YES;
				ONLY_ACTIVE_ARCH = YES;
				SDKROOT = macosx;
				SWIFT_OPTIMIZATION_LEVEL = "-Onone";
			};
			name = Debug;
		};
		3780A8701B951FB1003A97C8 /* Release */ = {
			isa = XCBuildConfiguration;
			buildSettings = {
				ALWAYS_SEARCH_USER_PATHS = NO;
				CLANG_CXX_LANGUAGE_STANDARD = "gnu++0x";
				CLANG_CXX_LIBRARY = "libc++";
				CLANG_ENABLE_MODULES = YES;
				CLANG_ENABLE_OBJC_ARC = YES;
				CLANG_WARN_BOOL_CONVERSION = YES;
				CLANG_WARN_CONSTANT_CONVERSION = YES;
				CLANG_WARN_DIRECT_OBJC_ISA_USAGE = YES_ERROR;
				CLANG_WARN_EMPTY_BODY = YES;
				CLANG_WARN_ENUM_CONVERSION = YES;
				CLANG_WARN_INT_CONVERSION = YES;
				CLANG_WARN_OBJC_ROOT_CLASS = YES_ERROR;
				CLANG_WARN_UNREACHABLE_CODE = YES;
				CLANG_WARN__DUPLICATE_METHOD_MATCH = YES;
				COPY_PHASE_STRIP = NO;
				DEBUG_INFORMATION_FORMAT = "dwarf-with-dsym";
				ENABLE_NS_ASSERTIONS = NO;
				ENABLE_STRICT_OBJC_MSGSEND = YES;
				GCC_C_LANGUAGE_STANDARD = gnu99;
				GCC_NO_COMMON_BLOCKS = YES;
				GCC_WARN_64_TO_32_BIT_CONVERSION = YES;
				GCC_WARN_ABOUT_RETURN_TYPE = YES_ERROR;
				GCC_WARN_UNDECLARED_SELECTOR = YES;
				GCC_WARN_UNINITIALIZED_AUTOS = YES_AGGRESSIVE;
				GCC_WARN_UNUSED_FUNCTION = YES;
				GCC_WARN_UNUSED_VARIABLE = YES;
				MACOSX_DEPLOYMENT_TARGET = 10.10;
				MTL_ENABLE_DEBUG_INFO = NO;
				SDKROOT = macosx;
			};
			name = Release;
		};
		3780A8721B951FB1003A97C8 /* Debug */ = {
			isa = XCBuildConfiguration;
			buildSettings = {
				PRODUCT_NAME = "$(TARGET_NAME)";
			};
			name = Debug;
		};
		3780A8731B951FB1003A97C8 /* Release */ = {
			isa = XCBuildConfiguration;
			buildSettings = {
				PRODUCT_NAME = "$(TARGET_NAME)";
			};
			name = Release;
		};
/* End XCBuildConfiguration section */

/* Begin XCConfigurationList section */
		3780A8651B951FB1003A97C8 /* Build configuration list for PBXProject "MagicSquare" */ = {
			isa = XCConfigurationList;
			buildConfigurations = (
				3780A86F1B951FB1003A97C8 /* Debug */,
				3780A8701B951FB1003A97C8 /* Release */,
			);
			defaultConfigurationIsVisible = 0;
			defaultConfigurationName = Release;
		};
		3780A8711B951FB1003A97C8 /* Build configuration list for PBXNativeTarget "MagicSquare" */ = {
			isa = XCConfigurationList;
			buildConfigurations = (
				3780A8721B951FB1003A97C8 /* Debug */,
				3780A8731B951FB1003A97C8 /* Release */,
			);
			defaultConfigurationIsVisible = 0;
		};
/* End XCConfigurationList section */
	};
	rootObject = 3780A8621B951FB1003A97C8 /* Project object */;
}
